
Microsoft Visual Studio Solution File, Format Version 12.00
# Visual Studio Version 17
VisualStudioVersion = 17.0.31611.283
MinimumVisualStudioVersion = 10.0.40219.1
Project("{FAE04EC0-301F-11D3-BF4B-00C04F79EFBC}") = "Jellyfin.Mvvm", "Jellyfin.Mvvm\Jellyfin.Mvvm.csproj", "{FEA8682F-0BA5-49DD-8A48-A71D67E41B22}"
EndProject
Project("{FAE04EC0-301F-11D3-BF4B-00C04F79EFBC}") = "Jellyfin.Avalonia", "Jellyfin.Avalonia\Jellyfin.Avalonia.csproj", "{A9A32E5D-8547-48FC-A8CD-2744B5115779}"
EndProject
Global
	GlobalSection(SolutionConfigurationPlatforms) = preSolution
		Debug|Any CPU = Debug|Any CPU
		Debug|x64 = Debug|x64
		Release|Any CPU = Release|Any CPU
		Release|x64 = Release|x64
	EndGlobalSection
	GlobalSection(ProjectConfigurationPlatforms) = postSolution
		{FEA8682F-0BA5-49DD-8A48-A71D67E41B22}.Debug|Any CPU.ActiveCfg = Debug|Any CPU
		{FEA8682F-0BA5-49DD-8A48-A71D67E41B22}.Debug|Any CPU.Build.0 = Debug|Any CPU
		{FEA8682F-0BA5-49DD-8A48-A71D67E41B22}.Debug|x64.ActiveCfg = Debug|Any CPU
		{FEA8682F-0BA5-49DD-8A48-A71D67E41B22}.Debug|x64.Build.0 = Debug|Any CPU
		{FEA8682F-0BA5-49DD-8A48-A71D67E41B22}.Release|Any CPU.ActiveCfg = Release|Any CPU
		{FEA8682F-0BA5-49DD-8A48-A71D67E41B22}.Release|Any CPU.Build.0 = Release|Any CPU
		{FEA8682F-0BA5-49DD-8A48-A71D67E41B22}.Release|x64.ActiveCfg = Release|Any CPU
		{FEA8682F-0BA5-49DD-8A48-A71D67E41B22}.Release|x64.Build.0 = Release|Any CPU
		{A9A32E5D-8547-48FC-A8CD-2744B5115779}.Debug|Any CPU.ActiveCfg = Debug|Any CPU
		{A9A32E5D-8547-48FC-A8CD-2744B5115779}.Debug|Any CPU.Build.0 = Debug|Any CPU
		{A9A32E5D-8547-48FC-A8CD-2744B5115779}.Debug|x64.ActiveCfg = Debug|Any CPU
		{A9A32E5D-8547-48FC-A8CD-2744B5115779}.Debug|x64.Build.0 = Debug|Any CPU
		{A9A32E5D-8547-48FC-A8CD-2744B5115779}.Release|Any CPU.ActiveCfg = Release|Any CPU
		{A9A32E5D-8547-48FC-A8CD-2744B5115779}.Release|Any CPU.Build.0 = Release|Any CPU
		{A9A32E5D-8547-48FC-A8CD-2744B5115779}.Release|x64.ActiveCfg = Release|Any CPU
		{A9A32E5D-8547-48FC-A8CD-2744B5115779}.Release|x64.Build.0 = Release|Any CPU
	EndGlobalSection
	GlobalSection(SolutionProperties) = preSolution
		HideSolutionNode = FALSE
	EndGlobalSection
	GlobalSection(ExtensibilityGlobals) = postSolution
		SolutionGuid = {61F7FB11-1E47-470C-91E2-47F8143E1572}
	EndGlobalSection
EndGlobal
